
Microsoft Visual Studio Solution File, Format Version 12.00
# Visual Studio Version 16
VisualStudioVersion = 16.0.30320.27
MinimumVisualStudioVersion = 10.0.40219.1
Project("{8BC9CEB8-8B4A-11D0-8D11-00A0C91BC942}") = "andorcam-02", "andorcam-02.vcxproj", "{AB538D71-A840-4523-B0AD-B612BAC8FFE9}"
EndProject
Global
	GlobalSection(SolutionConfigurationPlatforms) = preSolution
		Debug|x64 = Debug|x64
		Debug|x86 = Debug|x86
		Release|x64 = Release|x64
		Release|x86 = Release|x86
	EndGlobalSection
	GlobalSection(ProjectConfigurationPlatforms) = postSolution
		{AB538D71-A840-4523-B0AD-B612BAC8FFE9}.Debug|x64.ActiveCfg = Debug|x64
		{AB538D71-A840-4523-B0AD-B612BAC8FFE9}.Debug|x64.Build.0 = Debug|x64
		{AB538D71-A840-4523-B0AD-B612BAC8FFE9}.Debug|x86.ActiveCfg = Debug|Win32
		{AB538D71-A840-4523-B0AD-B612BAC8FFE9}.Debug|x86.Build.0 = Debug|Win32
		{AB538D71-A840-4523-B0AD-B612BAC8FFE9}.Release|x64.ActiveCfg = Release|x64
		{AB538D71-A840-4523-B0AD-B612BAC8FFE9}.Release|x64.Build.0 = Release|x64
		{AB538D71-A840-4523-B0AD-B612BAC8FFE9}.Release|x86.ActiveCfg = Release|Win32
		{AB538D71-A840-4523-B0AD-B612BAC8FFE9}.Release|x86.Build.0 = Release|Win32
	EndGlobalSection
	GlobalSection(SolutionProperties) = preSolution
		HideSolutionNode = FALSE
	EndGlobalSection
	GlobalSection(ExtensibilityGlobals) = postSolution
		SolutionGuid = {59BC4E0B-EF6C-4D20-BDAB-00BCB3716EF3}
	EndGlobalSection
EndGlobal
